
Microsoft Visual Studio Solution File, Format Version 12.00
# Visual Studio Version 16
VisualStudioVersion = 16.0.30907.101
MinimumVisualStudioVersion = 10.0.40219.1
Project("{FAE04EC0-301F-11D3-BF4B-00C04F79EFBC}") = "Numero_Potencia", "Numero_Potencia\Numero_Potencia.csproj", "{E165E2D7-9AAF-4479-AEF4-8B0A42B77047}"
EndProject
Global
	GlobalSection(SolutionConfigurationPlatforms) = preSolution
		Debug|Any CPU = Debug|Any CPU
		Release|Any CPU = Release|Any CPU
	EndGlobalSection
	GlobalSection(ProjectConfigurationPlatforms) = postSolution
		{E165E2D7-9AAF-4479-AEF4-8B0A42B77047}.Debug|Any CPU.ActiveCfg = Debug|Any CPU
		{E165E2D7-9AAF-4479-AEF4-8B0A42B77047}.Debug|Any CPU.Build.0 = Debug|Any CPU
		{E165E2D7-9AAF-4479-AEF4-8B0A42B77047}.Release|Any CPU.ActiveCfg = Release|Any CPU
		{E165E2D7-9AAF-4479-AEF4-8B0A42B77047}.Release|Any CPU.Build.0 = Release|Any CPU
	EndGlobalSection
	GlobalSection(SolutionProperties) = preSolution
		HideSolutionNode = FALSE
	EndGlobalSection
	GlobalSection(ExtensibilityGlobals) = postSolution
		SolutionGuid = {CF361E74-3B6A-4604-A93E-38B83B1506AE}
	EndGlobalSection
EndGlobal
