
Microsoft Visual Studio Solution File, Format Version 12.00
# Visual Studio Version 16
VisualStudioVersion = 16.0.30907.101
MinimumVisualStudioVersion = 10.0.40219.1
Project("{FAE04EC0-301F-11D3-BF4B-00C04F79EFBC}") = "1_par_impar", "1_par_impar\1_par_impar.csproj", "{4D60AF6B-0984-4B0F-A250-FFEE3BAE3C2F}"
EndProject
Global
	GlobalSection(SolutionConfigurationPlatforms) = preSolution
		Debug|Any CPU = Debug|Any CPU
		Release|Any CPU = Release|Any CPU
	EndGlobalSection
	GlobalSection(ProjectConfigurationPlatforms) = postSolution
		{4D60AF6B-0984-4B0F-A250-FFEE3BAE3C2F}.Debug|Any CPU.ActiveCfg = Debug|Any CPU
		{4D60AF6B-0984-4B0F-A250-FFEE3BAE3C2F}.Debug|Any CPU.Build.0 = Debug|Any CPU
		{4D60AF6B-0984-4B0F-A250-FFEE3BAE3C2F}.Release|Any CPU.ActiveCfg = Release|Any CPU
		{4D60AF6B-0984-4B0F-A250-FFEE3BAE3C2F}.Release|Any CPU.Build.0 = Release|Any CPU
	EndGlobalSection
	GlobalSection(SolutionProperties) = preSolution
		HideSolutionNode = FALSE
	EndGlobalSection
	GlobalSection(ExtensibilityGlobals) = postSolution
		SolutionGuid = {AB7A9AE0-7F70-4214-AD4B-DBA0F290B75E}
	EndGlobalSection
EndGlobal
