
Microsoft Visual Studio Solution File, Format Version 12.00
# Visual Studio Version 16
VisualStudioVersion = 16.0.30907.101
MinimumVisualStudioVersion = 10.0.40219.1
Project("{FAE04EC0-301F-11D3-BF4B-00C04F79EFBC}") = "grados_radianes", "grados_radianes\grados_radianes.csproj", "{B8770230-64F9-4117-BFF9-10B99D9C1BE9}"
EndProject
Global
	GlobalSection(SolutionConfigurationPlatforms) = preSolution
		Debug|Any CPU = Debug|Any CPU
		Release|Any CPU = Release|Any CPU
	EndGlobalSection
	GlobalSection(ProjectConfigurationPlatforms) = postSolution
		{B8770230-64F9-4117-BFF9-10B99D9C1BE9}.Debug|Any CPU.ActiveCfg = Debug|Any CPU
		{B8770230-64F9-4117-BFF9-10B99D9C1BE9}.Debug|Any CPU.Build.0 = Debug|Any CPU
		{B8770230-64F9-4117-BFF9-10B99D9C1BE9}.Release|Any CPU.ActiveCfg = Release|Any CPU
		{B8770230-64F9-4117-BFF9-10B99D9C1BE9}.Release|Any CPU.Build.0 = Release|Any CPU
	EndGlobalSection
	GlobalSection(SolutionProperties) = preSolution
		HideSolutionNode = FALSE
	EndGlobalSection
	GlobalSection(ExtensibilityGlobals) = postSolution
		SolutionGuid = {A4D818FB-4AED-4860-BBFB-44589746BD16}
	EndGlobalSection
EndGlobal
