
Microsoft Visual Studio Solution File, Format Version 12.00
# Visual Studio Version 16
VisualStudioVersion = 16.0.30907.101
MinimumVisualStudioVersion = 10.0.40219.1
Project("{FAE04EC0-301F-11D3-BF4B-00C04F79EFBC}") = "dia_semana", "dia_semana\dia_semana.csproj", "{675E7BFD-8AD4-496F-A032-72208767FD16}"
EndProject
Global
	GlobalSection(SolutionConfigurationPlatforms) = preSolution
		Debug|Any CPU = Debug|Any CPU
		Release|Any CPU = Release|Any CPU
	EndGlobalSection
	GlobalSection(ProjectConfigurationPlatforms) = postSolution
		{675E7BFD-8AD4-496F-A032-72208767FD16}.Debug|Any CPU.ActiveCfg = Debug|Any CPU
		{675E7BFD-8AD4-496F-A032-72208767FD16}.Debug|Any CPU.Build.0 = Debug|Any CPU
		{675E7BFD-8AD4-496F-A032-72208767FD16}.Release|Any CPU.ActiveCfg = Release|Any CPU
		{675E7BFD-8AD4-496F-A032-72208767FD16}.Release|Any CPU.Build.0 = Release|Any CPU
	EndGlobalSection
	GlobalSection(SolutionProperties) = preSolution
		HideSolutionNode = FALSE
	EndGlobalSection
	GlobalSection(ExtensibilityGlobals) = postSolution
		SolutionGuid = {445EC1FB-628F-4E15-BD3E-1429A897DBD4}
	EndGlobalSection
EndGlobal
