
Microsoft Visual Studio Solution File, Format Version 12.00
# Visual Studio Version 16
VisualStudioVersion = 16.0.30907.101
MinimumVisualStudioVersion = 10.0.40219.1
Project("{FAE04EC0-301F-11D3-BF4B-00C04F79EFBC}") = "AñoBisiestoo", "AñoBisiestoo\AñoBisiestoo.csproj", "{8A72D524-5927-4272-9B98-E9BB684F2DCA}"
EndProject
Global
	GlobalSection(SolutionConfigurationPlatforms) = preSolution
		Debug|Any CPU = Debug|Any CPU
		Release|Any CPU = Release|Any CPU
	EndGlobalSection
	GlobalSection(ProjectConfigurationPlatforms) = postSolution
		{8A72D524-5927-4272-9B98-E9BB684F2DCA}.Debug|Any CPU.ActiveCfg = Debug|Any CPU
		{8A72D524-5927-4272-9B98-E9BB684F2DCA}.Debug|Any CPU.Build.0 = Debug|Any CPU
		{8A72D524-5927-4272-9B98-E9BB684F2DCA}.Release|Any CPU.ActiveCfg = Release|Any CPU
		{8A72D524-5927-4272-9B98-E9BB684F2DCA}.Release|Any CPU.Build.0 = Release|Any CPU
	EndGlobalSection
	GlobalSection(SolutionProperties) = preSolution
		HideSolutionNode = FALSE
	EndGlobalSection
	GlobalSection(ExtensibilityGlobals) = postSolution
		SolutionGuid = {3D5E3552-7D04-413A-AC30-C83141330E5E}
	EndGlobalSection
EndGlobal
